{
  "nodes": {
    "codex": {
      "flake": false,
      "locked": {
        "lastModified": 1771428675,
        "narHash": "sha256-a0IlOxmgs/zvlEp8LktQQ4tq/+1HoAhlmsKPTlnjfcI=",
        "owner": "openai",
        "repo": "codex",
        "rev": "491b4946ae578c243f884db38cdb312309598be9",
        "type": "github"
      },
      "original": {
        "owner": "openai",
        "repo": "codex",
        "type": "github"
      }
    },
    "flake-utils": {
      "inputs": {
        "systems": "systems"
      },
      "locked": {
        "lastModified": 1731533236,
        "narHash": "sha256-l0KFg5HjrsfsO/JpG+r7fRrqm12kzFHyUHqHCVpMMbI=",
        "owner": "numtide",
        "repo": "flake-utils",
        "rev": "11707dc2f618dd54ca8739b309ec4fc024de578b",
        "type": "github"
      },
      "original": {
        "owner": "numtide",
        "repo": "flake-utils",
        "type": "github"
      }
    },
    "nixpkgs": {
      "locked": {
        "lastModified": 1771008912,
        "narHash": "sha256-gf2AmWVTs8lEq7z/3ZAsgnZDhWIckkb+ZnAo5RzSxJg=",
        "owner": "NixOS",
        "repo": "nixpkgs",
        "rev": "a82ccc39b39b621151d6732718e3e250109076fa",
        "type": "github"
      },
      "original": {
        "owner": "NixOS",
        "ref": "nixos-unstable",
        "repo": "nixpkgs",
        "type": "github"
      }
    },
    "pi": {
      "inputs": {
        "flake-utils": "flake-utils",
        "nixpkgs": [
          "nixpkgs"
        ],
        "pi-mono": "pi-mono"
      },
      "locked": {
        "lastModified": 1771979223,
        "narHash": "sha256-Qsz6J0LhnWmMUGfw6ZZlQQ8aTkqtbFdmduUbyOLvbKA=",
        "owner": "pusherofbrooms",
        "repo": "pi-mono-nix",
        "rev": "1ac3cf395418827d8233b549f9433ade00ad8c58",
        "type": "github"
      },
      "original": {
        "owner": "pusherofbrooms",
        "repo": "pi-mono-nix",
        "type": "github"
      }
    },
    "pi-mono": {
      "flake": false,
      "locked": {
        "lastModified": 1771973521,
        "narHash": "sha256-+T10MIxdRPHWAeXWur2JkonBgLZtBgCUM931QRWhBM4=",
        "owner": "badlogic",
        "repo": "pi-mono",
        "rev": "d3232c2e9e43dedc8d8865413f73298af0abb372",
        "type": "github"
      },
      "original": {
        "owner": "badlogic",
        "ref": "v0.55.0",
        "repo": "pi-mono",
        "type": "github"
      }
    },
    "root": {
      "inputs": {
        "codex": "codex",
        "nixpkgs": "nixpkgs",
        "pi": "pi"
      }
    },
    "systems": {
      "locked": {
        "lastModified": 1681028828,
        "narHash": "sha256-Vy1rq5AaRuLzOxct8nz4T6wlgyUR7zLU309k9mBC768=",
        "owner": "nix-systems",
        "repo": "default",
        "rev": "da67096a3b9bf56a91d16901293e51ba5b49a27e",
        "type": "github"
      },
      "original": {
        "owner": "nix-systems",
        "repo": "default",
        "type": "github"
      }
    }
  },
  "root": "root",
  "version": 7
}
