{
  "nodes": {
    "codex": {
      "flake": false,
      "locked": {
        "lastModified": 1771428675,
        "narHash": "sha256-a0IlOxmgs/zvlEp8LktQQ4tq/+1HoAhlmsKPTlnjfcI=",
        "owner": "openai",
        "repo": "codex",
        "rev": "491b4946ae578c243f884db38cdb312309598be9",
        "type": "github"
      },
      "original": {
        "owner": "openai",
        "repo": "codex",
        "type": "github"
      }
    },
    "nixpkgs": {
      "locked": {
        "lastModified": 1771008912,
        "narHash": "sha256-gf2AmWVTs8lEq7z/3ZAsgnZDhWIckkb+ZnAo5RzSxJg=",
        "owner": "NixOS",
        "repo": "nixpkgs",
        "rev": "a82ccc39b39b621151d6732718e3e250109076fa",
        "type": "github"
      },
      "original": {
        "owner": "NixOS",
        "ref": "nixos-unstable",
        "repo": "nixpkgs",
        "type": "github"
      }
    },
    "root": {
      "inputs": {
        "codex": "codex",
        "nixpkgs": "nixpkgs"
      }
    }
  },
  "root": "root",
  "version": 7
}
